
Microsoft Visual Studio Solution File, Format Version 12.00
# Visual Studio Version 16
VisualStudioVersion = 16.0.31205.134
MinimumVisualStudioVersion = 10.0.40219.1
Project("{9A19103F-16F7-4668-BE54-9A1E7A4F7556}") = "EmployeeManagement.Api", "Employee.Api\EmployeeManagement.Api.csproj", "{C532E623-D6E6-4AB5-8F0A-320DE44C62BE}"
EndProject
Project("{9A19103F-16F7-4668-BE54-9A1E7A4F7556}") = "ProfitSharing.Api", "ProfitSharing.Api\ProfitSharing.Api.csproj", "{D1A8B901-066E-4790-8848-D53D9A7E281E}"
EndProject
Project("{2150E333-8FDC-42A3-9474-1A3956D46DE8}") = "EmployeeManagement", "EmployeeManagement", "{7FFCAB0A-0359-404E-9123-160F93EE6865}"
EndProject
Project("{2150E333-8FDC-42A3-9474-1A3956D46DE8}") = "ProfitSharing", "ProfitSharing", "{4B73A47C-8BBB-45D7-900F-31C91ECD3D33}"
EndProject
Project("{9A19103F-16F7-4668-BE54-9A1E7A4F7556}") = "EmployeeManagement.Domain", "Employee.Domain\EmployeeManagement.Domain.csproj", "{5A6CDD6B-822D-43B8-B4EE-C2C2BDDB6A2D}"
EndProject
Project("{9A19103F-16F7-4668-BE54-9A1E7A4F7556}") = "EmployeeManagement.Repository", "Employee.Repository\EmployeeManagement.Repository.csproj", "{01D81065-BAD0-4A53-8F33-A04D05110BE6}"
EndProject
Project("{9A19103F-16F7-4668-BE54-9A1E7A4F7556}") = "EmployeeManagement.Service", "Employee.Service\EmployeeManagement.Service.csproj", "{367BF156-1BDF-4B77-BF50-A6EBB2C8677B}"
EndProject
Project("{9A19103F-16F7-4668-BE54-9A1E7A4F7556}") = "EmployeeManagement.Test", "EmployeeManagement.Test\EmployeeManagement.Test.csproj", "{1D7AC32D-7986-45D9-98EE-CA7F1E1767E5}"
EndProject
Project("{FAE04EC0-301F-11D3-BF4B-00C04F79EFBC}") = "ProfitSharing.Domain", "ProfitSharing.Domain\ProfitSharing.Domain.csproj", "{3E1065BF-3440-42AE-9793-C14FAC1C5EA5}"
EndProject
Project("{FAE04EC0-301F-11D3-BF4B-00C04F79EFBC}") = "ProfitSharing.Service", "ProfitSharing.Service\ProfitSharing.Service.csproj", "{49DA95A8-91E7-4A8A-90E1-12C17C65875A}"
EndProject
Project("{FAE04EC0-301F-11D3-BF4B-00C04F79EFBC}") = "ProfitSharing.Infrastructure", "ProfitSharing.Infrastructure\ProfitSharing.Infrastructure.csproj", "{E856438C-0189-4ACB-A066-A5E2B52C3960}"
EndProject
Global
	GlobalSection(SolutionConfigurationPlatforms) = preSolution
		Debug|Any CPU = Debug|Any CPU
		Release|Any CPU = Release|Any CPU
	EndGlobalSection
	GlobalSection(ProjectConfigurationPlatforms) = postSolution
		{C532E623-D6E6-4AB5-8F0A-320DE44C62BE}.Debug|Any CPU.ActiveCfg = Debug|Any CPU
		{C532E623-D6E6-4AB5-8F0A-320DE44C62BE}.Debug|Any CPU.Build.0 = Debug|Any CPU
		{C532E623-D6E6-4AB5-8F0A-320DE44C62BE}.Release|Any CPU.ActiveCfg = Release|Any CPU
		{C532E623-D6E6-4AB5-8F0A-320DE44C62BE}.Release|Any CPU.Build.0 = Release|Any CPU
		{D1A8B901-066E-4790-8848-D53D9A7E281E}.Debug|Any CPU.ActiveCfg = Debug|Any CPU
		{D1A8B901-066E-4790-8848-D53D9A7E281E}.Debug|Any CPU.Build.0 = Debug|Any CPU
		{D1A8B901-066E-4790-8848-D53D9A7E281E}.Release|Any CPU.ActiveCfg = Release|Any CPU
		{D1A8B901-066E-4790-8848-D53D9A7E281E}.Release|Any CPU.Build.0 = Release|Any CPU
		{5A6CDD6B-822D-43B8-B4EE-C2C2BDDB6A2D}.Debug|Any CPU.ActiveCfg = Debug|Any CPU
		{5A6CDD6B-822D-43B8-B4EE-C2C2BDDB6A2D}.Debug|Any CPU.Build.0 = Debug|Any CPU
		{5A6CDD6B-822D-43B8-B4EE-C2C2BDDB6A2D}.Release|Any CPU.ActiveCfg = Release|Any CPU
		{5A6CDD6B-822D-43B8-B4EE-C2C2BDDB6A2D}.Release|Any CPU.Build.0 = Release|Any CPU
		{01D81065-BAD0-4A53-8F33-A04D05110BE6}.Debug|Any CPU.ActiveCfg = Debug|Any CPU
		{01D81065-BAD0-4A53-8F33-A04D05110BE6}.Debug|Any CPU.Build.0 = Debug|Any CPU
		{01D81065-BAD0-4A53-8F33-A04D05110BE6}.Release|Any CPU.ActiveCfg = Release|Any CPU
		{01D81065-BAD0-4A53-8F33-A04D05110BE6}.Release|Any CPU.Build.0 = Release|Any CPU
		{367BF156-1BDF-4B77-BF50-A6EBB2C8677B}.Debug|Any CPU.ActiveCfg = Debug|Any CPU
		{367BF156-1BDF-4B77-BF50-A6EBB2C8677B}.Debug|Any CPU.Build.0 = Debug|Any CPU
		{367BF156-1BDF-4B77-BF50-A6EBB2C8677B}.Release|Any CPU.ActiveCfg = Release|Any CPU
		{367BF156-1BDF-4B77-BF50-A6EBB2C8677B}.Release|Any CPU.Build.0 = Release|Any CPU
		{1D7AC32D-7986-45D9-98EE-CA7F1E1767E5}.Debug|Any CPU.ActiveCfg = Debug|Any CPU
		{1D7AC32D-7986-45D9-98EE-CA7F1E1767E5}.Debug|Any CPU.Build.0 = Debug|Any CPU
		{1D7AC32D-7986-45D9-98EE-CA7F1E1767E5}.Release|Any CPU.ActiveCfg = Release|Any CPU
		{1D7AC32D-7986-45D9-98EE-CA7F1E1767E5}.Release|Any CPU.Build.0 = Release|Any CPU
		{3E1065BF-3440-42AE-9793-C14FAC1C5EA5}.Debug|Any CPU.ActiveCfg = Debug|Any CPU
		{3E1065BF-3440-42AE-9793-C14FAC1C5EA5}.Debug|Any CPU.Build.0 = Debug|Any CPU
		{3E1065BF-3440-42AE-9793-C14FAC1C5EA5}.Release|Any CPU.ActiveCfg = Release|Any CPU
		{3E1065BF-3440-42AE-9793-C14FAC1C5EA5}.Release|Any CPU.Build.0 = Release|Any CPU
		{49DA95A8-91E7-4A8A-90E1-12C17C65875A}.Debug|Any CPU.ActiveCfg = Debug|Any CPU
		{49DA95A8-91E7-4A8A-90E1-12C17C65875A}.Debug|Any CPU.Build.0 = Debug|Any CPU
		{49DA95A8-91E7-4A8A-90E1-12C17C65875A}.Release|Any CPU.ActiveCfg = Release|Any CPU
		{49DA95A8-91E7-4A8A-90E1-12C17C65875A}.Release|Any CPU.Build.0 = Release|Any CPU
		{E856438C-0189-4ACB-A066-A5E2B52C3960}.Debug|Any CPU.ActiveCfg = Debug|Any CPU
		{E856438C-0189-4ACB-A066-A5E2B52C3960}.Debug|Any CPU.Build.0 = Debug|Any CPU
		{E856438C-0189-4ACB-A066-A5E2B52C3960}.Release|Any CPU.ActiveCfg = Release|Any CPU
		{E856438C-0189-4ACB-A066-A5E2B52C3960}.Release|Any CPU.Build.0 = Release|Any CPU
	EndGlobalSection
	GlobalSection(SolutionProperties) = preSolution
		HideSolutionNode = FALSE
	EndGlobalSection
	GlobalSection(NestedProjects) = preSolution
		{C532E623-D6E6-4AB5-8F0A-320DE44C62BE} = {7FFCAB0A-0359-404E-9123-160F93EE6865}
		{D1A8B901-066E-4790-8848-D53D9A7E281E} = {4B73A47C-8BBB-45D7-900F-31C91ECD3D33}
		{5A6CDD6B-822D-43B8-B4EE-C2C2BDDB6A2D} = {7FFCAB0A-0359-404E-9123-160F93EE6865}
		{01D81065-BAD0-4A53-8F33-A04D05110BE6} = {7FFCAB0A-0359-404E-9123-160F93EE6865}
		{367BF156-1BDF-4B77-BF50-A6EBB2C8677B} = {7FFCAB0A-0359-404E-9123-160F93EE6865}
		{1D7AC32D-7986-45D9-98EE-CA7F1E1767E5} = {7FFCAB0A-0359-404E-9123-160F93EE6865}
		{3E1065BF-3440-42AE-9793-C14FAC1C5EA5} = {4B73A47C-8BBB-45D7-900F-31C91ECD3D33}
		{49DA95A8-91E7-4A8A-90E1-12C17C65875A} = {4B73A47C-8BBB-45D7-900F-31C91ECD3D33}
		{E856438C-0189-4ACB-A066-A5E2B52C3960} = {4B73A47C-8BBB-45D7-900F-31C91ECD3D33}
	EndGlobalSection
	GlobalSection(ExtensibilityGlobals) = postSolution
		SolutionGuid = {24A582D8-F3A9-43BE-85EB-9AA39D0FA2E4}
	EndGlobalSection
EndGlobal
